
Microsoft Visual Studio Solution File, Format Version 12.00
# Visual Studio Version 17
VisualStudioVersion = 17.4.33213.308
MinimumVisualStudioVersion = 10.0.40219.1
Project("{9A19103F-16F7-4668-BE54-9A1E7A4F7556}") = "DefaultWebApi", "DefaultWebApi\DefaultWebApi.csproj", "{D2C8E33E-2637-46C5-B596-9F9B9A4698A8}"
EndProject
Project("{2150E333-8FDC-42A3-9474-1A3956D46DE8}") = "Modul001_Überblick", "Modul001_Überblick", "{2B93953E-AF2E-4547-8DBD-2F5134C308E0}"
EndProject
Project("{9A19103F-16F7-4668-BE54-9A1E7A4F7556}") = "WebAPI_with_Autofac and IWebHostBuilder", "WebAPI_with_Autofac\WebAPI_with_Autofac and IWebHostBuilder.csproj", "{762F6D0D-3E3D-4072-9105-5DBC90228D6B}"
EndProject
Project("{2150E333-8FDC-42A3-9474-1A3956D46DE8}") = "Modul002_IOCContainerAlternativen", "Modul002_IOCContainerAlternativen", "{38921272-E365-4643-AE77-C0B95540CA13}"
EndProject
Project("{9A19103F-16F7-4668-BE54-9A1E7A4F7556}") = "WebAPI_with_WebApplicationBuilder_Autofac", "WebAPI_with_WebApplicationBuilder_Autofac\WebAPI_with_WebApplicationBuilder_Autofac.csproj", "{286BB25A-86BC-4AC4-BB17-D3E94D3D0A9C}"
EndProject
Project("{9A19103F-16F7-4668-BE54-9A1E7A4F7556}") = "WebAPI_ControllerSamples", "WebAPI_ControllerSamples\WebAPI_ControllerSamples.csproj", "{E976CD8E-271C-4694-8AEC-5963CDF70C0B}"
EndProject
Project("{2150E333-8FDC-42A3-9474-1A3956D46DE8}") = "Solution Items", "Solution Items", "{ACECECF2-EC5A-4B8F-9DA4-A7E8F40A4B92}"
	ProjectSection(SolutionItems) = preProject
		Agenda.md = Agenda.md
		ToDoListe.txt = ToDoListe.txt
	EndProjectSection
EndProject
Project("{2150E333-8FDC-42A3-9474-1A3956D46DE8}") = "Modul003_ReturnTypes_Conventions_Formatters_Caching", "Modul003_ReturnTypes_Conventions_Formatters_Caching", "{5E6286D8-DBEA-4F29-83A3-5579CEBF7F70}"
EndProject
Project("{9A19103F-16F7-4668-BE54-9A1E7A4F7556}") = "WebAPI_with_EFCore_Relationen_LazyLoading", "WebAPI_with_EFCore_Relationen_LazyLoading\WebAPI_with_EFCore_Relationen_LazyLoading.csproj", "{57468A3C-81AB-48C7-A0AC-8F85A6CAA413}"
EndProject
Project("{9A19103F-16F7-4668-BE54-9A1E7A4F7556}") = "WebAPI_with_EFCore_Relationen_EagerLoading", "WebAPI_with_EFCore_Relationen_EagerLoading\WebAPI_with_EFCore_Relationen_EagerLoading.csproj", "{A373A993-D47C-421D-A38A-6885B9DB5DED}"
EndProject
Project("{2150E333-8FDC-42A3-9474-1A3956D46DE8}") = "Modul004_EFCore_with_DTOs", "Modul004_EFCore_with_DTOs", "{2C9BB83B-8CEB-4D89-A62E-D5C1E5DF0229}"
EndProject
Project("{9A19103F-16F7-4668-BE54-9A1E7A4F7556}") = "WebAPI_mit_WindowsAuthentifizierung", "WebAPI_mit_WindowsAuthentifizierung\WebAPI_mit_WindowsAuthentifizierung.csproj", "{AE87DF5B-89AF-44E4-9A53-4D46C6975CBB}"
EndProject
Project("{9A19103F-16F7-4668-BE54-9A1E7A4F7556}") = "WebAPI_mit_IndividialAccounts", "WebAPI_mit_IndividialAccounts\WebAPI_mit_IndividialAccounts.csproj", "{99FF86F6-CD53-4318-9B97-1BFFB67E407A}"
EndProject
Project("{2150E333-8FDC-42A3-9474-1A3956D46DE8}") = "Modul005_Authentifizerung", "Modul005_Authentifizerung", "{18BC3193-CCC5-47DE-A56C-A1BE62DFB6D4}"
EndProject
Project("{9A19103F-16F7-4668-BE54-9A1E7A4F7556}") = "GeoApp.Shared", "GeoApp.Shared\GeoApp.Shared.csproj", "{5D9A0A44-9FF5-44EE-9B76-540F03FC8636}"
EndProject
Project("{9A19103F-16F7-4668-BE54-9A1E7A4F7556}") = "GeoApp.Api", "GeoApp.Api\GeoApp.Api.csproj", "{C2D191D2-9677-46D2-A9EB-03BDBBD48B89}"
EndProject
Project("{9A19103F-16F7-4668-BE54-9A1E7A4F7556}") = "GeoApp.UI", "GeoApp.UI\GeoApp.UI.csproj", "{2E53D5AE-4C3D-4D1F-A688-1FC83E491CAD}"
EndProject
Project("{2150E333-8FDC-42A3-9474-1A3956D46DE8}") = "Modul006_WebAPI_mit_MVC", "Modul006_WebAPI_mit_MVC", "{1F1A0DB0-51D6-4CC1-BC67-8DCB677ADFC6}"
EndProject
Project("{FAE04EC0-301F-11D3-BF4B-00C04F79EFBC}") = "MinimalApiSample", "MinimalApiSample\MinimalApiSample.csproj", "{D65C51B9-94F4-4F24-910E-52ADA5BEC380}"
EndProject
Project("{2150E333-8FDC-42A3-9474-1A3956D46DE8}") = "Modul007_MinimalApi", "Modul007_MinimalApi", "{565DB387-4B29-4D8A-92A3-9837C9AB3072}"
EndProject
Project("{FAE04EC0-301F-11D3-BF4B-00C04F79EFBC}") = "VideoBroadcastSample", "VideoBroadcastSample\VideoBroadcastSample.csproj", "{CE5145C7-76F5-46C7-9FBA-84A7A8A92C6B}"
EndProject
Project("{2150E333-8FDC-42A3-9474-1A3956D46DE8}") = "Modul008_VideosAndFiles", "Modul008_VideosAndFiles", "{3B77CD1E-F51E-4E49-B20F-6E348094B145}"
EndProject
Project("{FAE04EC0-301F-11D3-BF4B-00C04F79EFBC}") = "FileUpDownloadApi", "FileUpDownloadApi\FileUpDownloadApi.csproj", "{0E82B863-9D94-43F6-983B-9FF49AB1EEBB}"
EndProject
Project("{FAE04EC0-301F-11D3-BF4B-00C04F79EFBC}") = "ODataWebAPI", "ODataWebAPI\ODataWebAPI.csproj", "{896CBEB8-99C5-45FA-A11A-3BD7D90DF2DC}"
EndProject
Project("{9A19103F-16F7-4668-BE54-9A1E7A4F7556}") = "gRPC.OData.Client", "ReferenceProject\gRPC.OData.Client\gRPC.OData.Client.csproj", "{5F138D55-97DE-48CD-9F25-36B8FC951E25}"
EndProject
Project("{9A19103F-16F7-4668-BE54-9A1E7A4F7556}") = "gRPC.OData.Server", "ReferenceProject\gRPC.OData.Server\gRPC.OData.Server.csproj", "{F483B7CA-3D49-4E31-A70A-D8937ACB8178}"
EndProject
Global
	GlobalSection(SolutionConfigurationPlatforms) = preSolution
		Debug|Any CPU = Debug|Any CPU
		Release|Any CPU = Release|Any CPU
	EndGlobalSection
	GlobalSection(ProjectConfigurationPlatforms) = postSolution
		{D2C8E33E-2637-46C5-B596-9F9B9A4698A8}.Debug|Any CPU.ActiveCfg = Debug|Any CPU
		{D2C8E33E-2637-46C5-B596-9F9B9A4698A8}.Debug|Any CPU.Build.0 = Debug|Any CPU
		{D2C8E33E-2637-46C5-B596-9F9B9A4698A8}.Release|Any CPU.ActiveCfg = Release|Any CPU
		{D2C8E33E-2637-46C5-B596-9F9B9A4698A8}.Release|Any CPU.Build.0 = Release|Any CPU
		{762F6D0D-3E3D-4072-9105-5DBC90228D6B}.Debug|Any CPU.ActiveCfg = Debug|Any CPU
		{762F6D0D-3E3D-4072-9105-5DBC90228D6B}.Debug|Any CPU.Build.0 = Debug|Any CPU
		{762F6D0D-3E3D-4072-9105-5DBC90228D6B}.Release|Any CPU.ActiveCfg = Release|Any CPU
		{762F6D0D-3E3D-4072-9105-5DBC90228D6B}.Release|Any CPU.Build.0 = Release|Any CPU
		{286BB25A-86BC-4AC4-BB17-D3E94D3D0A9C}.Debug|Any CPU.ActiveCfg = Debug|Any CPU
		{286BB25A-86BC-4AC4-BB17-D3E94D3D0A9C}.Debug|Any CPU.Build.0 = Debug|Any CPU
		{286BB25A-86BC-4AC4-BB17-D3E94D3D0A9C}.Release|Any CPU.ActiveCfg = Release|Any CPU
		{286BB25A-86BC-4AC4-BB17-D3E94D3D0A9C}.Release|Any CPU.Build.0 = Release|Any CPU
		{E976CD8E-271C-4694-8AEC-5963CDF70C0B}.Debug|Any CPU.ActiveCfg = Debug|Any CPU
		{E976CD8E-271C-4694-8AEC-5963CDF70C0B}.Debug|Any CPU.Build.0 = Debug|Any CPU
		{E976CD8E-271C-4694-8AEC-5963CDF70C0B}.Release|Any CPU.ActiveCfg = Release|Any CPU
		{E976CD8E-271C-4694-8AEC-5963CDF70C0B}.Release|Any CPU.Build.0 = Release|Any CPU
		{57468A3C-81AB-48C7-A0AC-8F85A6CAA413}.Debug|Any CPU.ActiveCfg = Debug|Any CPU
		{57468A3C-81AB-48C7-A0AC-8F85A6CAA413}.Debug|Any CPU.Build.0 = Debug|Any CPU
		{57468A3C-81AB-48C7-A0AC-8F85A6CAA413}.Release|Any CPU.ActiveCfg = Release|Any CPU
		{57468A3C-81AB-48C7-A0AC-8F85A6CAA413}.Release|Any CPU.Build.0 = Release|Any CPU
		{A373A993-D47C-421D-A38A-6885B9DB5DED}.Debug|Any CPU.ActiveCfg = Debug|Any CPU
		{A373A993-D47C-421D-A38A-6885B9DB5DED}.Debug|Any CPU.Build.0 = Debug|Any CPU
		{A373A993-D47C-421D-A38A-6885B9DB5DED}.Release|Any CPU.ActiveCfg = Release|Any CPU
		{A373A993-D47C-421D-A38A-6885B9DB5DED}.Release|Any CPU.Build.0 = Release|Any CPU
		{AE87DF5B-89AF-44E4-9A53-4D46C6975CBB}.Debug|Any CPU.ActiveCfg = Debug|Any CPU
		{AE87DF5B-89AF-44E4-9A53-4D46C6975CBB}.Debug|Any CPU.Build.0 = Debug|Any CPU
		{AE87DF5B-89AF-44E4-9A53-4D46C6975CBB}.Release|Any CPU.ActiveCfg = Release|Any CPU
		{AE87DF5B-89AF-44E4-9A53-4D46C6975CBB}.Release|Any CPU.Build.0 = Release|Any CPU
		{99FF86F6-CD53-4318-9B97-1BFFB67E407A}.Debug|Any CPU.ActiveCfg = Debug|Any CPU
		{99FF86F6-CD53-4318-9B97-1BFFB67E407A}.Debug|Any CPU.Build.0 = Debug|Any CPU
		{99FF86F6-CD53-4318-9B97-1BFFB67E407A}.Release|Any CPU.ActiveCfg = Release|Any CPU
		{99FF86F6-CD53-4318-9B97-1BFFB67E407A}.Release|Any CPU.Build.0 = Release|Any CPU
		{5D9A0A44-9FF5-44EE-9B76-540F03FC8636}.Debug|Any CPU.ActiveCfg = Debug|Any CPU
		{5D9A0A44-9FF5-44EE-9B76-540F03FC8636}.Debug|Any CPU.Build.0 = Debug|Any CPU
		{5D9A0A44-9FF5-44EE-9B76-540F03FC8636}.Release|Any CPU.ActiveCfg = Release|Any CPU
		{5D9A0A44-9FF5-44EE-9B76-540F03FC8636}.Release|Any CPU.Build.0 = Release|Any CPU
		{C2D191D2-9677-46D2-A9EB-03BDBBD48B89}.Debug|Any CPU.ActiveCfg = Debug|Any CPU
		{C2D191D2-9677-46D2-A9EB-03BDBBD48B89}.Debug|Any CPU.Build.0 = Debug|Any CPU
		{C2D191D2-9677-46D2-A9EB-03BDBBD48B89}.Release|Any CPU.ActiveCfg = Release|Any CPU
		{C2D191D2-9677-46D2-A9EB-03BDBBD48B89}.Release|Any CPU.Build.0 = Release|Any CPU
		{2E53D5AE-4C3D-4D1F-A688-1FC83E491CAD}.Debug|Any CPU.ActiveCfg = Debug|Any CPU
		{2E53D5AE-4C3D-4D1F-A688-1FC83E491CAD}.Debug|Any CPU.Build.0 = Debug|Any CPU
		{2E53D5AE-4C3D-4D1F-A688-1FC83E491CAD}.Release|Any CPU.ActiveCfg = Release|Any CPU
		{2E53D5AE-4C3D-4D1F-A688-1FC83E491CAD}.Release|Any CPU.Build.0 = Release|Any CPU
		{D65C51B9-94F4-4F24-910E-52ADA5BEC380}.Debug|Any CPU.ActiveCfg = Debug|Any CPU
		{D65C51B9-94F4-4F24-910E-52ADA5BEC380}.Debug|Any CPU.Build.0 = Debug|Any CPU
		{D65C51B9-94F4-4F24-910E-52ADA5BEC380}.Release|Any CPU.ActiveCfg = Release|Any CPU
		{D65C51B9-94F4-4F24-910E-52ADA5BEC380}.Release|Any CPU.Build.0 = Release|Any CPU
		{CE5145C7-76F5-46C7-9FBA-84A7A8A92C6B}.Debug|Any CPU.ActiveCfg = Debug|Any CPU
		{CE5145C7-76F5-46C7-9FBA-84A7A8A92C6B}.Debug|Any CPU.Build.0 = Debug|Any CPU
		{CE5145C7-76F5-46C7-9FBA-84A7A8A92C6B}.Release|Any CPU.ActiveCfg = Release|Any CPU
		{CE5145C7-76F5-46C7-9FBA-84A7A8A92C6B}.Release|Any CPU.Build.0 = Release|Any CPU
		{0E82B863-9D94-43F6-983B-9FF49AB1EEBB}.Debug|Any CPU.ActiveCfg = Debug|Any CPU
		{0E82B863-9D94-43F6-983B-9FF49AB1EEBB}.Debug|Any CPU.Build.0 = Debug|Any CPU
		{0E82B863-9D94-43F6-983B-9FF49AB1EEBB}.Release|Any CPU.ActiveCfg = Release|Any CPU
		{0E82B863-9D94-43F6-983B-9FF49AB1EEBB}.Release|Any CPU.Build.0 = Release|Any CPU
		{896CBEB8-99C5-45FA-A11A-3BD7D90DF2DC}.Debug|Any CPU.ActiveCfg = Debug|Any CPU
		{896CBEB8-99C5-45FA-A11A-3BD7D90DF2DC}.Debug|Any CPU.Build.0 = Debug|Any CPU
		{896CBEB8-99C5-45FA-A11A-3BD7D90DF2DC}.Release|Any CPU.ActiveCfg = Release|Any CPU
		{896CBEB8-99C5-45FA-A11A-3BD7D90DF2DC}.Release|Any CPU.Build.0 = Release|Any CPU
		{5F138D55-97DE-48CD-9F25-36B8FC951E25}.Debug|Any CPU.ActiveCfg = Debug|Any CPU
		{5F138D55-97DE-48CD-9F25-36B8FC951E25}.Debug|Any CPU.Build.0 = Debug|Any CPU
		{5F138D55-97DE-48CD-9F25-36B8FC951E25}.Release|Any CPU.ActiveCfg = Release|Any CPU
		{5F138D55-97DE-48CD-9F25-36B8FC951E25}.Release|Any CPU.Build.0 = Release|Any CPU
		{F483B7CA-3D49-4E31-A70A-D8937ACB8178}.Debug|Any CPU.ActiveCfg = Debug|Any CPU
		{F483B7CA-3D49-4E31-A70A-D8937ACB8178}.Debug|Any CPU.Build.0 = Debug|Any CPU
		{F483B7CA-3D49-4E31-A70A-D8937ACB8178}.Release|Any CPU.ActiveCfg = Release|Any CPU
		{F483B7CA-3D49-4E31-A70A-D8937ACB8178}.Release|Any CPU.Build.0 = Release|Any CPU
	EndGlobalSection
	GlobalSection(SolutionProperties) = preSolution
		HideSolutionNode = FALSE
	EndGlobalSection
	GlobalSection(NestedProjects) = preSolution
		{D2C8E33E-2637-46C5-B596-9F9B9A4698A8} = {2B93953E-AF2E-4547-8DBD-2F5134C308E0}
		{762F6D0D-3E3D-4072-9105-5DBC90228D6B} = {38921272-E365-4643-AE77-C0B95540CA13}
		{286BB25A-86BC-4AC4-BB17-D3E94D3D0A9C} = {38921272-E365-4643-AE77-C0B95540CA13}
		{E976CD8E-271C-4694-8AEC-5963CDF70C0B} = {5E6286D8-DBEA-4F29-83A3-5579CEBF7F70}
		{57468A3C-81AB-48C7-A0AC-8F85A6CAA413} = {2C9BB83B-8CEB-4D89-A62E-D5C1E5DF0229}
		{A373A993-D47C-421D-A38A-6885B9DB5DED} = {2C9BB83B-8CEB-4D89-A62E-D5C1E5DF0229}
		{AE87DF5B-89AF-44E4-9A53-4D46C6975CBB} = {18BC3193-CCC5-47DE-A56C-A1BE62DFB6D4}
		{99FF86F6-CD53-4318-9B97-1BFFB67E407A} = {18BC3193-CCC5-47DE-A56C-A1BE62DFB6D4}
		{5D9A0A44-9FF5-44EE-9B76-540F03FC8636} = {1F1A0DB0-51D6-4CC1-BC67-8DCB677ADFC6}
		{C2D191D2-9677-46D2-A9EB-03BDBBD48B89} = {1F1A0DB0-51D6-4CC1-BC67-8DCB677ADFC6}
		{2E53D5AE-4C3D-4D1F-A688-1FC83E491CAD} = {1F1A0DB0-51D6-4CC1-BC67-8DCB677ADFC6}
		{D65C51B9-94F4-4F24-910E-52ADA5BEC380} = {565DB387-4B29-4D8A-92A3-9837C9AB3072}
		{CE5145C7-76F5-46C7-9FBA-84A7A8A92C6B} = {3B77CD1E-F51E-4E49-B20F-6E348094B145}
		{0E82B863-9D94-43F6-983B-9FF49AB1EEBB} = {3B77CD1E-F51E-4E49-B20F-6E348094B145}
	EndGlobalSection
	GlobalSection(ExtensibilityGlobals) = postSolution
		SolutionGuid = {20B91851-F3FF-43D5-8AA1-6E1D00EC2850}
	EndGlobalSection
EndGlobal
